
Microsoft Visual Studio Solution File, Format Version 12.00
# Visual Studio Version 17
VisualStudioVersion = 17.9.34728.123
MinimumVisualStudioVersion = 10.0.40219.1
Project("{FAE04EC0-301F-11D3-BF4B-00C04F79EFBC}") = "FMA", "FoodMenuApplication\FMA.csproj", "{A2D0A896-2BD1-489B-BE42-E4BF59366761}"
EndProject
Global
	GlobalSection(SolutionConfigurationPlatforms) = preSolution
		Debug|Any CPU = Debug|Any CPU
		Release|Any CPU = Release|Any CPU
	EndGlobalSection
	GlobalSection(ProjectConfigurationPlatforms) = postSolution
		{A2D0A896-2BD1-489B-BE42-E4BF59366761}.Debug|Any CPU.ActiveCfg = Debug|Any CPU
		{A2D0A896-2BD1-489B-BE42-E4BF59366761}.Debug|Any CPU.Build.0 = Debug|Any CPU
		{A2D0A896-2BD1-489B-BE42-E4BF59366761}.Release|Any CPU.ActiveCfg = Release|Any CPU
		{A2D0A896-2BD1-489B-BE42-E4BF59366761}.Release|Any CPU.Build.0 = Release|Any CPU
	EndGlobalSection
	GlobalSection(SolutionProperties) = preSolution
		HideSolutionNode = FALSE
	EndGlobalSection
	GlobalSection(ExtensibilityGlobals) = postSolution
		SolutionGuid = {2A4749AB-5357-45EE-9D40-8D3EDF3C12DD}
	EndGlobalSection
EndGlobal
